
Microsoft Visual Studio Solution File, Format Version 12.00
# Visual Studio Version 17
VisualStudioVersion = 17.13.35931.197 d17.13
MinimumVisualStudioVersion = 10.0.40219.1
Project("{FAE04EC0-301F-11D3-BF4B-00C04F79EFBC}") = "ToolAPI", "ToolAPI.csproj", "{C9A52226-71E6-4141-8160-33E02F73DDA5}"
EndProject
Global
	GlobalSection(SolutionConfigurationPlatforms) = preSolution
		Debug|Any CPU = Debug|Any CPU
		Release|Any CPU = Release|Any CPU
	EndGlobalSection
	GlobalSection(ProjectConfigurationPlatforms) = postSolution
		{C9A52226-71E6-4141-8160-33E02F73DDA5}.Debug|Any CPU.ActiveCfg = Debug|Any CPU
		{C9A52226-71E6-4141-8160-33E02F73DDA5}.Debug|Any CPU.Build.0 = Debug|Any CPU
		{C9A52226-71E6-4141-8160-33E02F73DDA5}.Release|Any CPU.ActiveCfg = Release|Any CPU
		{C9A52226-71E6-4141-8160-33E02F73DDA5}.Release|Any CPU.Build.0 = Release|Any CPU
	EndGlobalSection
	GlobalSection(SolutionProperties) = preSolution
		HideSolutionNode = FALSE
	EndGlobalSection
	GlobalSection(ExtensibilityGlobals) = postSolution
		SolutionGuid = {23133C09-4133-4244-9745-A7A5AB8E9E10}
	EndGlobalSection
EndGlobal
